# This file was autogenerated by Stack.
# You should not edit this file by hand.
# For more information, please see the documentation at:
#   https://docs.haskellstack.org/en/stable/lock_files

packages:
- completed:
    name: disassembler
    version: 0.2.0.1
    git: https://github.com/mgrabmueller/disassembler
    pantry-tree:
      size: 384
      sha256: 65eb5dfb873e809603e2e7bb9bed9d97a09d09095e1a17621f1c9f7ecf42a929
    commit: 15a15db1fba50fd0ce52f26f43550fbad5529bf8
  original:
    git: https://github.com/mgrabmueller/disassembler
    commit: 15a15db1fba50fd0ce52f26f43550fbad5529bf8
snapshots:
- completed:
    size: 726097
    url: https://raw.githubusercontent.com/commercialhaskell/stackage-snapshots/master/lts/24/12.yaml
    sha256: 0d0bb681dd5be9b930c8fc070d717aae757b9aed176ae6047d87624b46406816
  original: lts-24.12
